
Microsoft Visual Studio Solution File, Format Version 12.00
# Visual Studio Version 17
VisualStudioVersion = 17.0.31903.59
MinimumVisualStudioVersion = 10.0.40219.1
Project("{FAE04EC0-301F-11D3-BF4B-00C04F79EFBC}") = "API", "API\API.csproj", "{359318E1-AA0C-46B7-A293-88C4471F89AA}"
EndProject
Global
	GlobalSection(SolutionConfigurationPlatforms) = preSolution
		Debug|Any CPU = Debug|Any CPU
		Release|Any CPU = Release|Any CPU
	EndGlobalSection
	GlobalSection(SolutionProperties) = preSolution
		HideSolutionNode = FALSE
	EndGlobalSection
	GlobalSection(ProjectConfigurationPlatforms) = postSolution
		{359318E1-AA0C-46B7-A293-88C4471F89AA}.Debug|Any CPU.ActiveCfg = Debug|Any CPU
		{359318E1-AA0C-46B7-A293-88C4471F89AA}.Debug|Any CPU.Build.0 = Debug|Any CPU
		{359318E1-AA0C-46B7-A293-88C4471F89AA}.Release|Any CPU.ActiveCfg = Release|Any CPU
		{359318E1-AA0C-46B7-A293-88C4471F89AA}.Release|Any CPU.Build.0 = Release|Any CPU
	EndGlobalSection
EndGlobal
